
Microsoft Visual Studio Solution File, Format Version 12.00
# Visual Studio 15
VisualStudioVersion = 15.0.27703.2047
MinimumVisualStudioVersion = 10.0.40219.1
Project("{FAE04EC0-301F-11D3-BF4B-00C04F79EFBC}") = "ticketAdmin", "ticketAdmin\ticketAdmin.csproj", "{3DDB9EB3-2088-4D0C-B900-9FA853545283}"
EndProject
Global
	GlobalSection(SolutionConfigurationPlatforms) = preSolution
		Debug|Any CPU = Debug|Any CPU
		Release|Any CPU = Release|Any CPU
	EndGlobalSection
	GlobalSection(ProjectConfigurationPlatforms) = postSolution
		{3DDB9EB3-2088-4D0C-B900-9FA853545283}.Debug|Any CPU.ActiveCfg = Debug|Any CPU
		{3DDB9EB3-2088-4D0C-B900-9FA853545283}.Debug|Any CPU.Build.0 = Debug|Any CPU
		{3DDB9EB3-2088-4D0C-B900-9FA853545283}.Release|Any CPU.ActiveCfg = Release|Any CPU
		{3DDB9EB3-2088-4D0C-B900-9FA853545283}.Release|Any CPU.Build.0 = Release|Any CPU
	EndGlobalSection
	GlobalSection(SolutionProperties) = preSolution
		HideSolutionNode = FALSE
	EndGlobalSection
	GlobalSection(ExtensibilityGlobals) = postSolution
		SolutionGuid = {61604C8D-5EA2-47EE-B083-DFBDE931BCFA}
	EndGlobalSection
EndGlobal
